# This file was autogenerated by Stack.
# You should not edit this file by hand.
# For more information, please see the documentation at:
#   https://docs.haskellstack.org/en/stable/lock_files

packages:
- completed:
    hackage: hid-0.2.2@sha256:3c3d53e2cd4f812ec2000b7f9c0561e1f4393db9024b0cd70ef6587085ad4798,1587
    pantry-tree:
      size: 481
      sha256: 4d7e8ff9de0e20cedb95a4671dc49797d907adb550da1ea3689fa16e78d3cd16
  original:
    hackage: hid-0.2.2
- completed:
    hackage: PortMidi-0.2.0.0@sha256:0671e36ec72e95138bf396234b205864a8a6d0ee353e09e01cbfd57004c56f40,2383
    pantry-tree:
      size: 1818
      sha256: c9936666afc390560319024c25ecb184e2518ae4d3be5ae14081231091c1f073
  original:
    hackage: PortMidi-0.2.0.0
snapshots:
- completed:
    size: 523443
    url: https://raw.githubusercontent.com/commercialhaskell/stackage-snapshots/master/lts/14/0.yaml
    sha256: 283773e7120f5446d961eab35ea95c9af9c24187cc178537bd29273200a05171
  original: lts-14.0
